// !$*UTF8*$!
{
	archiveVersion = 1;
	classes = {
	};
	objectVersion = 55;
	objects = {

/* Begin PBXBuildFile section */
		A328AA602825A99600789C8C /* AppDelegate.swift in Sources */ = {isa = PBXBuildFile; fileRef = A328AA5F2825A99600789C8C /* AppDelegate.swift */; };
		A328AA622825A99600789C8C /* SceneDelegate.swift in Sources */ = {isa = PBXBuildFile; fileRef = A328AA612825A99600789C8C /* SceneDelegate.swift */; };
		A3808AE22826EA2400EC56C8 /* Person.swift in Sources */ = {isa = PBXBuildFile; fileRef = A3808AE12826EA2400EC56C8 /* Person.swift */; };
		A3808AE42826EA6500EC56C8 /* ViewModelProtocol.swift in Sources */ = {isa = PBXBuildFile; fileRef = A3808AE32826EA6500EC56C8 /* ViewModelProtocol.swift */; };
		A3808AE62826EE3300EC56C8 /* MainViewController.swift in Sources */ = {isa = PBXBuildFile; fileRef = A3808AE52826EE3300EC56C8 /* MainViewController.swift */; };
		A3808AE828293EB500EC56C8 /* OrderCell.swift in Sources */ = {isa = PBXBuildFile; fileRef = A3808AE728293EB500EC56C8 /* OrderCell.swift */; };
		A3808AEA28293FFA00EC56C8 /* OrderVM.swift in Sources */ = {isa = PBXBuildFile; fileRef = A3808AE928293FFA00EC56C8 /* OrderVM.swift */; };
		A3808AEC2829401600EC56C8 /* Order.swift in Sources */ = {isa = PBXBuildFile; fileRef = A3808AEB2829401600EC56C8 /* Order.swift */; };
		A3808AEF28294A5400EC56C8 /* OrdersVC.swift in Sources */ = {isa = PBXBuildFile; fileRef = A3808AEE28294A5400EC56C8 /* OrdersVC.swift */; };
		A3808AF12829616500EC56C8 /* OrdersVM.swift in Sources */ = {isa = PBXBuildFile; fileRef = A3808AF02829616500EC56C8 /* OrdersVM.swift */; };
		A3808AF4282969FB00EC56C8 /* Weak.swift in Sources */ = {isa = PBXBuildFile; fileRef = A3808AF3282969FB00EC56C8 /* Weak.swift */; };
/* End PBXBuildFile section */

/* Begin PBXFileReference section */
		A328AA5C2825A99600789C8C /* MVVM.app */ = {isa = PBXFileReference; explicitFileType = wrapper.application; includeInIndex = 0; path = MVVM.app; sourceTree = BUILT_PRODUCTS_DIR; };
		A328AA5F2825A99600789C8C /* AppDelegate.swift */ = {isa = PBXFileReference; lastKnownFileType = sourcecode.swift; path = AppDelegate.swift; sourceTree = "<group>"; };
		A328AA612825A99600789C8C /* SceneDelegate.swift */ = {isa = PBXFileReference; lastKnownFileType = sourcecode.swift; path = SceneDelegate.swift; sourceTree = "<group>"; };
		A328AA6D2825A99900789C8C /* Info.plist */ = {isa = PBXFileReference; lastKnownFileType = text.plist.xml; path = Info.plist; sourceTree = "<group>"; };
		A3808AE12826EA2400EC56C8 /* Person.swift */ = {isa = PBXFileReference; lastKnownFileType = sourcecode.swift; path = Person.swift; sourceTree = "<group>"; };
		A3808AE32826EA6500EC56C8 /* ViewModelProtocol.swift */ = {isa = PBXFileReference; lastKnownFileType = sourcecode.swift; path = ViewModelProtocol.swift; sourceTree = "<group>"; };
		A3808AE52826EE3300EC56C8 /* MainViewController.swift */ = {isa = PBXFileReference; lastKnownFileType = sourcecode.swift; path = MainViewController.swift; sourceTree = "<group>"; };
		A3808AE728293EB500EC56C8 /* OrderCell.swift */ = {isa = PBXFileReference; lastKnownFileType = sourcecode.swift; path = OrderCell.swift; sourceTree = "<group>"; };
		A3808AE928293FFA00EC56C8 /* OrderVM.swift */ = {isa = PBXFileReference; lastKnownFileType = sourcecode.swift; path = OrderVM.swift; sourceTree = "<group>"; };
		A3808AEB2829401600EC56C8 /* Order.swift */ = {isa = PBXFileReference; lastKnownFileType = sourcecode.swift; path = Order.swift; sourceTree = "<group>"; };
		A3808AEE28294A5400EC56C8 /* OrdersVC.swift */ = {isa = PBXFileReference; lastKnownFileType = sourcecode.swift; path = OrdersVC.swift; sourceTree = "<group>"; };
		A3808AF02829616500EC56C8 /* OrdersVM.swift */ = {isa = PBXFileReference; lastKnownFileType = sourcecode.swift; path = OrdersVM.swift; sourceTree = "<group>"; };
		A3808AF3282969FB00EC56C8 /* Weak.swift */ = {isa = PBXFileReference; lastKnownFileType = sourcecode.swift; path = Weak.swift; sourceTree = "<group>"; };
/* End PBXFileReference section */

/* Begin PBXFrameworksBuildPhase section */
		A328AA592825A99600789C8C /* Frameworks */ = {
			isa = PBXFrameworksBuildPhase;
			buildActionMask = 2147483647;
			files = (
			);
			runOnlyForDeploymentPostprocessing = 0;
		};
/* End PBXFrameworksBuildPhase section */

/* Begin PBXGroup section */
		A328AA532825A99600789C8C = {
			isa = PBXGroup;
			children = (
				A328AA5E2825A99600789C8C /* MVVM */,
				A328AA5D2825A99600789C8C /* Products */,
			);
			sourceTree = "<group>";
		};
		A328AA5D2825A99600789C8C /* Products */ = {
			isa = PBXGroup;
			children = (
				A328AA5C2825A99600789C8C /* MVVM.app */,
			);
			name = Products;
			sourceTree = "<group>";
		};
		A328AA5E2825A99600789C8C /* MVVM */ = {
			isa = PBXGroup;
			children = (
				A3808AED2829493900EC56C8 /* General */,
				A3808ADE2826E88100EC56C8 /* Model */,
				A3808ADF2826E88800EC56C8 /* View */,
				A3808AE02826E89600EC56C8 /* ViewModel */,
				A3808AF2282969D800EC56C8 /* Services */,
			);
			path = MVVM;
			sourceTree = "<group>";
		};
		A3808ADE2826E88100EC56C8 /* Model */ = {
			isa = PBXGroup;
			children = (
				A3808AE12826EA2400EC56C8 /* Person.swift */,
				A3808AEB2829401600EC56C8 /* Order.swift */,
			);
			path = Model;
			sourceTree = "<group>";
		};
		A3808ADF2826E88800EC56C8 /* View */ = {
			isa = PBXGroup;
			children = (
				A3808AE52826EE3300EC56C8 /* MainViewController.swift */,
				A3808AE728293EB500EC56C8 /* OrderCell.swift */,
				A3808AEE28294A5400EC56C8 /* OrdersVC.swift */,
			);
			path = View;
			sourceTree = "<group>";
		};
		A3808AE02826E89600EC56C8 /* ViewModel */ = {
			isa = PBXGroup;
			children = (
				A3808AE32826EA6500EC56C8 /* ViewModelProtocol.swift */,
				A3808AE928293FFA00EC56C8 /* OrderVM.swift */,
				A3808AF02829616500EC56C8 /* OrdersVM.swift */,
			);
			path = ViewModel;
			sourceTree = "<group>";
		};
		A3808AED2829493900EC56C8 /* General */ = {
			isa = PBXGroup;
			children = (
				A328AA5F2825A99600789C8C /* AppDelegate.swift */,
				A328AA612825A99600789C8C /* SceneDelegate.swift */,
				A328AA6D2825A99900789C8C /* Info.plist */,
			);
			path = General;
			sourceTree = "<group>";
		};
		A3808AF2282969D800EC56C8 /* Services */ = {
			isa = PBXGroup;
			children = (
				A3808AF3282969FB00EC56C8 /* Weak.swift */,
			);
			path = Services;
			sourceTree = "<group>";
		};
/* End PBXGroup section */

/* Begin PBXNativeTarget section */
		A328AA5B2825A99600789C8C /* MVVM */ = {
			isa = PBXNativeTarget;
			buildConfigurationList = A328AA702825A99900789C8C /* Build configuration list for PBXNativeTarget "MVVM" */;
			buildPhases = (
				A328AA582825A99600789C8C /* Sources */,
				A328AA592825A99600789C8C /* Frameworks */,
				A328AA5A2825A99600789C8C /* Resources */,
			);
			buildRules = (
			);
			dependencies = (
			);
			name = MVVM;
			productName = MVVM;
			productReference = A328AA5C2825A99600789C8C /* MVVM.app */;
			productType = "com.apple.product-type.application";
		};
/* End PBXNativeTarget section */

/* Begin PBXProject section */
		A328AA542825A99600789C8C /* Project object */ = {
			isa = PBXProject;
			attributes = {
				BuildIndependentTargetsInParallel = 1;
				LastSwiftUpdateCheck = 1330;
				LastUpgradeCheck = 1330;
				TargetAttributes = {
					A328AA5B2825A99600789C8C = {
						CreatedOnToolsVersion = 13.3.1;
					};
				};
			};
			buildConfigurationList = A328AA572825A99600789C8C /* Build configuration list for PBXProject "MVVM" */;
			compatibilityVersion = "Xcode 13.0";
			developmentRegion = en;
			hasScannedForEncodings = 0;
			knownRegions = (
				en,
				Base,
			);
			mainGroup = A328AA532825A99600789C8C;
			productRefGroup = A328AA5D2825A99600789C8C /* Products */;
			projectDirPath = "";
			projectRoot = "";
			targets = (
				A328AA5B2825A99600789C8C /* MVVM */,
			);
		};
/* End PBXProject section */

/* Begin PBXResourcesBuildPhase section */
		A328AA5A2825A99600789C8C /* Resources */ = {
			isa = PBXResourcesBuildPhase;
			buildActionMask = 2147483647;
			files = (
			);
			runOnlyForDeploymentPostprocessing = 0;
		};
/* End PBXResourcesBuildPhase section */

/* Begin PBXSourcesBuildPhase section */
		A328AA582825A99600789C8C /* Sources */ = {
			isa = PBXSourcesBuildPhase;
			buildActionMask = 2147483647;
			files = (
				A3808AE42826EA6500EC56C8 /* ViewModelProtocol.swift in Sources */,
				A3808AF12829616500EC56C8 /* OrdersVM.swift in Sources */,
				A3808AEF28294A5400EC56C8 /* OrdersVC.swift in Sources */,
				A3808AE828293EB500EC56C8 /* OrderCell.swift in Sources */,
				A3808AEC2829401600EC56C8 /* Order.swift in Sources */,
				A3808AF4282969FB00EC56C8 /* Weak.swift in Sources */,
				A3808AE62826EE3300EC56C8 /* MainViewController.swift in Sources */,
				A328AA602825A99600789C8C /* AppDelegate.swift in Sources */,
				A3808AE22826EA2400EC56C8 /* Person.swift in Sources */,
				A328AA622825A99600789C8C /* SceneDelegate.swift in Sources */,
				A3808AEA28293FFA00EC56C8 /* OrderVM.swift in Sources */,
			);
			runOnlyForDeploymentPostprocessing = 0;
		};
/* End PBXSourcesBuildPhase section */

/* Begin XCBuildConfiguration section */
		A328AA6E2825A99900789C8C /* Debug */ = {
			isa = XCBuildConfiguration;
			buildSettings = {
				ALWAYS_SEARCH_USER_PATHS = NO;
				CLANG_ANALYZER_NONNULL = YES;
				CLANG_ANALYZER_NUMBER_OBJECT_CONVERSION = YES_AGGRESSIVE;
				CLANG_CXX_LANGUAGE_STANDARD = "gnu++17";
				CLANG_ENABLE_MODULES = YES;
				CLANG_ENABLE_OBJC_ARC = YES;
				CLANG_ENABLE_OBJC_WEAK = YES;
				CLANG_WARN_BLOCK_CAPTURE_AUTORELEASING = YES;
				CLANG_WARN_BOOL_CONVERSION = YES;
				CLANG_WARN_COMMA = YES;
				CLANG_WARN_CONSTANT_CONVERSION = YES;
				CLANG_WARN_DEPRECATED_OBJC_IMPLEMENTATIONS = YES;
				CLANG_WARN_DIRECT_OBJC_ISA_USAGE = YES_ERROR;
				CLANG_WARN_DOCUMENTATION_COMMENTS = YES;
				CLANG_WARN_EMPTY_BODY = YES;
				CLANG_WARN_ENUM_CONVERSION = YES;
				CLANG_WARN_INFINITE_RECURSION = YES;
				CLANG_WARN_INT_CONVERSION = YES;
				CLANG_WARN_NON_LITERAL_NULL_CONVERSION = YES;
				CLANG_WARN_OBJC_IMPLICIT_RETAIN_SELF = YES;
				CLANG_WARN_OBJC_LITERAL_CONVERSION = YES;
				CLANG_WARN_OBJC_ROOT_CLASS = YES_ERROR;
				CLANG_WARN_QUOTED_INCLUDE_IN_FRAMEWORK_HEADER = YES;
				CLANG_WARN_RANGE_LOOP_ANALYSIS = YES;
				CLANG_WARN_STRICT_PROTOTYPES = YES;
				CLANG_WARN_SUSPICIOUS_MOVE = YES;
				CLANG_WARN_UNGUARDED_AVAILABILITY = YES_AGGRESSIVE;
				CLANG_WARN_UNREACHABLE_CODE = YES;
				CLANG_WARN__DUPLICATE_METHOD_MATCH = YES;
				COPY_PHASE_STRIP = NO;
				DEBUG_INFORMATION_FORMAT = dwarf;
				ENABLE_STRICT_OBJC_MSGSEND = YES;
				ENABLE_TESTABILITY = YES;
				GCC_C_LANGUAGE_STANDARD = gnu11;
				GCC_DYNAMIC_NO_PIC = NO;
				GCC_NO_COMMON_BLOCKS = YES;
				GCC_OPTIMIZATION_LEVEL = 0;
				GCC_PREPROCESSOR_DEFINITIONS = (
					"DEBUG=1",
					"$(inherited)",
				);
				GCC_WARN_64_TO_32_BIT_CONVERSION = YES;
				GCC_WARN_ABOUT_RETURN_TYPE = YES_ERROR;
				GCC_WARN_UNDECLARED_SELECTOR = YES;
				GCC_WARN_UNINITIALIZED_AUTOS = YES_AGGRESSIVE;
				GCC_WARN_UNUSED_FUNCTION = YES;
				GCC_WARN_UNUSED_VARIABLE = YES;
				IPHONEOS_DEPLOYMENT_TARGET = 15.4;
				MTL_ENABLE_DEBUG_INFO = INCLUDE_SOURCE;
				MTL_FAST_MATH = YES;
				ONLY_ACTIVE_ARCH = YES;
				SDKROOT = iphoneos;
				SWIFT_ACTIVE_COMPILATION_CONDITIONS = DEBUG;
				SWIFT_OPTIMIZATION_LEVEL = "-Onone";
			};
			name = Debug;
		};
		A328AA6F2825A99900789C8C /* Release */ = {
			isa = XCBuildConfiguration;
			buildSettings = {
				ALWAYS_SEARCH_USER_PATHS = NO;
				CLANG_ANALYZER_NONNULL = YES;
				CLANG_ANALYZER_NUMBER_OBJECT_CONVERSION = YES_AGGRESSIVE;
				CLANG_CXX_LANGUAGE_STANDARD = "gnu++17";
				CLANG_ENABLE_MODULES = YES;
				CLANG_ENABLE_OBJC_ARC = YES;
				CLANG_ENABLE_OBJC_WEAK = YES;
				CLANG_WARN_BLOCK_CAPTURE_AUTORELEASING = YES;
				CLANG_WARN_BOOL_CONVERSION = YES;
				CLANG_WARN_COMMA = YES;
				CLANG_WARN_CONSTANT_CONVERSION = YES;
				CLANG_WARN_DEPRECATED_OBJC_IMPLEMENTATIONS = YES;
				CLANG_WARN_DIRECT_OBJC_ISA_USAGE = YES_ERROR;
				CLANG_WARN_DOCUMENTATION_COMMENTS = YES;
				CLANG_WARN_EMPTY_BODY = YES;
				CLANG_WARN_ENUM_CONVERSION = YES;
				CLANG_WARN_INFINITE_RECURSION = YES;
				CLANG_WARN_INT_CONVERSION = YES;
				CLANG_WARN_NON_LITERAL_NULL_CONVERSION = YES;
				CLANG_WARN_OBJC_IMPLICIT_RETAIN_SELF = YES;
				CLANG_WARN_OBJC_LITERAL_CONVERSION = YES;
				CLANG_WARN_OBJC_ROOT_CLASS = YES_ERROR;
				CLANG_WARN_QUOTED_INCLUDE_IN_FRAMEWORK_HEADER = YES;
				CLANG_WARN_RANGE_LOOP_ANALYSIS = YES;
				CLANG_WARN_STRICT_PROTOTYPES = YES;
				CLANG_WARN_SUSPICIOUS_MOVE = YES;
				CLANG_WARN_UNGUARDED_AVAILABILITY = YES_AGGRESSIVE;
				CLANG_WARN_UNREACHABLE_CODE = YES;
				CLANG_WARN__DUPLICATE_METHOD_MATCH = YES;
				COPY_PHASE_STRIP = NO;
				DEBUG_INFORMATION_FORMAT = "dwarf-with-dsym";
				ENABLE_NS_ASSERTIONS = NO;
				ENABLE_STRICT_OBJC_MSGSEND = YES;
				GCC_C_LANGUAGE_STANDARD = gnu11;
				GCC_NO_COMMON_BLOCKS = YES;
				GCC_WARN_64_TO_32_BIT_CONVERSION = YES;
				GCC_WARN_ABOUT_RETURN_TYPE = YES_ERROR;
				GCC_WARN_UNDECLARED_SELECTOR = YES;
				GCC_WARN_UNINITIALIZED_AUTOS = YES_AGGRESSIVE;
				GCC_WARN_UNUSED_FUNCTION = YES;
				GCC_WARN_UNUSED_VARIABLE = YES;
				IPHONEOS_DEPLOYMENT_TARGET = 15.4;
				MTL_ENABLE_DEBUG_INFO = NO;
				MTL_FAST_MATH = YES;
				SDKROOT = iphoneos;
				SWIFT_COMPILATION_MODE = wholemodule;
				SWIFT_OPTIMIZATION_LEVEL = "-O";
				VALIDATE_PRODUCT = YES;
			};
			name = Release;
		};
		A328AA712825A99900789C8C /* Debug */ = {
			isa = XCBuildConfiguration;
			buildSettings = {
				ASSETCATALOG_COMPILER_APPICON_NAME = AppIcon;
				ASSETCATALOG_COMPILER_GLOBAL_ACCENT_COLOR_NAME = AccentColor;
				CODE_SIGN_STYLE = Automatic;
				CURRENT_PROJECT_VERSION = 1;
				DEVELOPMENT_TEAM = 44XPNUG6JL;
				GENERATE_INFOPLIST_FILE = YES;
				INFOPLIST_FILE = MVVM/General/Info.plist;
				INFOPLIST_KEY_UIApplicationSupportsIndirectInputEvents = YES;
				INFOPLIST_KEY_UILaunchStoryboardName = LaunchScreen;
				INFOPLIST_KEY_UISupportedInterfaceOrientations_iPad = "UIInterfaceOrientationPortrait UIInterfaceOrientationPortraitUpsideDown UIInterfaceOrientationLandscapeLeft UIInterfaceOrientationLandscapeRight";
				INFOPLIST_KEY_UISupportedInterfaceOrientations_iPhone = "UIInterfaceOrientationPortrait UIInterfaceOrientationLandscapeLeft UIInterfaceOrientationLandscapeRight";
				LD_RUNPATH_SEARCH_PATHS = (
					"$(inherited)",
					"@executable_path/Frameworks",
				);
				MARKETING_VERSION = 1.0;
				PRODUCT_BUNDLE_IDENTIFIER = eugene.MVVM;
				PRODUCT_NAME = "$(TARGET_NAME)";
				SWIFT_EMIT_LOC_STRINGS = YES;
				SWIFT_VERSION = 5.0;
				TARGETED_DEVICE_FAMILY = "1,2";
			};
			name = Debug;
		};
		A328AA722825A99900789C8C /* Release */ = {
			isa = XCBuildConfiguration;
			buildSettings = {
				ASSETCATALOG_COMPILER_APPICON_NAME = AppIcon;
				ASSETCATALOG_COMPILER_GLOBAL_ACCENT_COLOR_NAME = AccentColor;
				CODE_SIGN_STYLE = Automatic;
				CURRENT_PROJECT_VERSION = 1;
				DEVELOPMENT_TEAM = 44XPNUG6JL;
				GENERATE_INFOPLIST_FILE = YES;
				INFOPLIST_FILE = MVVM/General/Info.plist;
				INFOPLIST_KEY_UIApplicationSupportsIndirectInputEvents = YES;
				INFOPLIST_KEY_UILaunchStoryboardName = LaunchScreen;
				INFOPLIST_KEY_UISupportedInterfaceOrientations_iPad = "UIInterfaceOrientationPortrait UIInterfaceOrientationPortraitUpsideDown UIInterfaceOrientationLandscapeLeft UIInterfaceOrientationLandscapeRight";
				INFOPLIST_KEY_UISupportedInterfaceOrientations_iPhone = "UIInterfaceOrientationPortrait UIInterfaceOrientationLandscapeLeft UIInterfaceOrientationLandscapeRight";
				LD_RUNPATH_SEARCH_PATHS = (
					"$(inherited)",
					"@executable_path/Frameworks",
				);
				MARKETING_VERSION = 1.0;
				PRODUCT_BUNDLE_IDENTIFIER = eugene.MVVM;
				PRODUCT_NAME = "$(TARGET_NAME)";
				SWIFT_EMIT_LOC_STRINGS = YES;
				SWIFT_VERSION = 5.0;
				TARGETED_DEVICE_FAMILY = "1,2";
			};
			name = Release;
		};
/* End XCBuildConfiguration section */

/* Begin XCConfigurationList section */
		A328AA572825A99600789C8C /* Build configuration list for PBXProject "MVVM" */ = {
			isa = XCConfigurationList;
			buildConfigurations = (
				A328AA6E2825A99900789C8C /* Debug */,
				A328AA6F2825A99900789C8C /* Release */,
			);
			defaultConfigurationIsVisible = 0;
			defaultConfigurationName = Release;
		};
		A328AA702825A99900789C8C /* Build configuration list for PBXNativeTarget "MVVM" */ = {
			isa = XCConfigurationList;
			buildConfigurations = (
				A328AA712825A99900789C8C /* Debug */,
				A328AA722825A99900789C8C /* Release */,
			);
			defaultConfigurationIsVisible = 0;
			defaultConfigurationName = Release;
		};
/* End XCConfigurationList section */
	};
	rootObject = A328AA542825A99600789C8C /* Project object */;
}
